<?xml version="1.0" encoding="UTF-8"?>
<!DOCTYPE plist PUBLIC "-//Apple//DTD PLIST 1.0//EN" "http://www.apple.com/DTDs/PropertyList-1.0.dtd">
<plist version="1.0">
<dict>
	<key>archiveVersion</key>
	<string>1</string>
	<key>classes</key>
	<dict/>
	<key>objectVersion</key>
	<string>46</string>
	<key>objects</key>
	<dict>
		<key>2214633D1990A8A00084FDCB</key>
		<dict>
			<key>children</key>
			<array>
				<string>2214635B1990A8A00084FDCB</string>
				<string>221463581990A8A00084FDCB</string>
				<string>221463591990A8A00084FDCB</string>
				<string>2214634F1990A8A00084FDCB</string>
				<string>221463501990A8A00084FDCB</string>
				<string>2214636E1990A8A00084FDCB</string>
				<string>221463481990A8A00084FDCB</string>
				<string>221463471990A8A00084FDCB</string>
				<string>7D6ADED3221B4224998764B0</string>
			</array>
			<key>isa</key>
			<string>PBXGroup</string>
			<key>sourceTree</key>
			<string>&lt;group&gt;</string>
		</dict>
		<key>2214633E1990A8A00084FDCB</key>
		<dict>
			<key>attributes</key>
			<dict>
				<key>CLASSPREFIX</key>
				<string>DE</string>
				<key>LastUpgradeCheck</key>
				<string>0500</string>
				<key>ORGANIZATIONNAME</key>
				<string>Vishnu</string>
				<key>TargetAttributes</key>
				<dict>
					<key>221463661990A8A00084FDCB</key>
					<dict>
						<key>TestTargetID</key>
						<string>221463451990A8A00084FDCB</string>
					</dict>
				</dict>
			</dict>
			<key>buildConfigurationList</key>
			<string>221463411990A8A00084FDCB</string>
			<key>compatibilityVersion</key>
			<string>Xcode 3.2</string>
			<key>developmentRegion</key>
			<string>English</string>
			<key>hasScannedForEncodings</key>
			<string>0</string>
			<key>isa</key>
			<string>PBXProject</string>
			<key>knownRegions</key>
			<array>
				<string>en</string>
				<string>Base</string>
			</array>
			<key>mainGroup</key>
			<string>2214633D1990A8A00084FDCB</string>
			<key>productRefGroup</key>
			<string>221463471990A8A00084FDCB</string>
			<key>projectDirPath</key>
			<string></string>
			<key>projectReferences</key>
			<array/>
			<key>projectRoot</key>
			<string></string>
			<key>targets</key>
			<array>
				<string>221463451990A8A00084FDCB</string>
				<string>221463661990A8A00084FDCB</string>
			</array>
		</dict>
		<key>221463411990A8A00084FDCB</key>
		<dict>
			<key>buildConfigurations</key>
			<array>
				<string>221463761990A8A00084FDCB</string>
				<string>221463771990A8A00084FDCB</string>
			</array>
			<key>defaultConfigurationIsVisible</key>
			<string>0</string>
			<key>defaultConfigurationName</key>
			<string>Release</string>
			<key>isa</key>
			<string>XCConfigurationList</string>
		</dict>
		<key>221463421990A8A00084FDCB</key>
		<dict>
			<key>buildActionMask</key>
			<string>2147483647</string>
			<key>files</key>
			<array>
				<string>221463901990AFCA0084FDCB</string>
				<string>221463871990AF5A0084FDCB</string>
				<string>222D02091990F29D005833A8</string>
				<string>222D020E1991125E005833A8</string>
				<string>221463801990A8FB0084FDCB</string>
				<string>2214638A1990AF820084FDCB</string>
				<string>221463561990A8A00084FDCB</string>
				<string>2214635A1990A8A00084FDCB</string>
				<string>221463831990A96C0084FDCB</string>
			</array>
			<key>isa</key>
			<string>PBXSourcesBuildPhase</string>
			<key>runOnlyForDeploymentPostprocessing</key>
			<string>0</string>
		</dict>
		<key>221463431990A8A00084FDCB</key>
		<dict>
			<key>buildActionMask</key>
			<string>2147483647</string>
			<key>files</key>
			<array>
				<string>2214634C1990A8A00084FDCB</string>
				<string>2214634E1990A8A00084FDCB</string>
				<string>2214634A1990A8A00084FDCB</string>
				<string>FF9970E479A0471A958A14D2</string>
			</array>
			<key>isa</key>
			<string>PBXFrameworksBuildPhase</string>
			<key>runOnlyForDeploymentPostprocessing</key>
			<string>0</string>
		</dict>
		<key>221463441990A8A00084FDCB</key>
		<dict>
			<key>buildActionMask</key>
			<string>2147483647</string>
			<key>files</key>
			<array>
				<string>221463621990A8A00084FDCB</string>
				<string>221463541990A8A00084FDCB</string>
				<string>221463951990B57D0084FDCB</string>
				<string>2214635D1990A8A00084FDCB</string>
				<string>222D020B1990FE7D005833A8</string>
			</array>
			<key>isa</key>
			<string>PBXResourcesBuildPhase</string>
			<key>runOnlyForDeploymentPostprocessing</key>
			<string>0</string>
		</dict>
		<key>221463451990A8A00084FDCB</key>
		<dict>
			<key>buildConfigurationList</key>
			<string>221463781990A8A00084FDCB</string>
			<key>buildPhases</key>
			<array>
				<string>62DFD7CACA1A47BEA2928F6E</string>
				<string>221463421990A8A00084FDCB</string>
				<string>221463431990A8A00084FDCB</string>
				<string>221463441990A8A00084FDCB</string>
				<string>48BA033F3FBC4B6DB92B6AEB</string>
			</array>
			<key>buildRules</key>
			<array/>
			<key>dependencies</key>
			<array/>
			<key>isa</key>
			<string>PBXNativeTarget</string>
			<key>name</key>
			<string>DenovoEyeApp</string>
			<key>productName</key>
			<string>DenovoEyeApp</string>
			<key>productReference</key>
			<string>221463461990A8A00084FDCB</string>
			<key>productType</key>
			<string>com.apple.product-type.application</string>
		</dict>
		<key>221463461990A8A00084FDCB</key>
		<dict>
			<key>explicitFileType</key>
			<string>wrapper.application</string>
			<key>includeInIndex</key>
			<string>0</string>
			<key>isa</key>
			<string>PBXFileReference</string>
			<key>path</key>
			<string>DenovoEyeApp.app</string>
			<key>sourceTree</key>
			<string>BUILT_PRODUCTS_DIR</string>
		</dict>
		<key>221463471990A8A00084FDCB</key>
		<dict>
			<key>children</key>
			<array>
				<string>221463461990A8A00084FDCB</string>
				<string>221463671990A8A00084FDCB</string>
			</array>
			<key>isa</key>
			<string>PBXGroup</string>
			<key>name</key>
			<string>Products</string>
			<key>sourceTree</key>
			<string>&lt;group&gt;</string>
		</dict>
		<key>221463481990A8A00084FDCB</key>
		<dict>
			<key>children</key>
			<array>
				<string>221463491990A8A00084FDCB</string>
				<string>2214634B1990A8A00084FDCB</string>
				<string>2214634D1990A8A00084FDCB</string>
				<string>221463681990A8A00084FDCB</string>
				<string>F5AFBF898F34404AB658F1E5</string>
			</array>
			<key>isa</key>
			<string>PBXGroup</string>
			<key>name</key>
			<string>Frameworks</string>
			<key>sourceTree</key>
			<string>&lt;group&gt;</string>
		</dict>
		<key>221463491990A8A00084FDCB</key>
		<dict>
			<key>isa</key>
			<string>PBXFileReference</string>
			<key>lastKnownFileType</key>
			<string>wrapper.framework</string>
			<key>name</key>
			<string>Foundation.framework</string>
			<key>path</key>
			<string>System/Library/Frameworks/Foundation.framework</string>
			<key>sourceTree</key>
			<string>SDKROOT</string>
		</dict>
		<key>2214634A1990A8A00084FDCB</key>
		<dict>
			<key>fileRef</key>
			<string>221463491990A8A00084FDCB</string>
			<key>isa</key>
			<string>PBXBuildFile</string>
		</dict>
		<key>2214634B1990A8A00084FDCB</key>
		<dict>
			<key>isa</key>
			<string>PBXFileReference</string>
			<key>lastKnownFileType</key>
			<string>wrapper.framework</string>
			<key>name</key>
			<string>CoreGraphics.framework</string>
			<key>path</key>
			<string>System/Library/Frameworks/CoreGraphics.framework</string>
			<key>sourceTree</key>
			<string>SDKROOT</string>
		</dict>
		<key>2214634C1990A8A00084FDCB</key>
		<dict>
			<key>fileRef</key>
			<string>2214634B1990A8A00084FDCB</string>
			<key>isa</key>
			<string>PBXBuildFile</string>
		</dict>
		<key>2214634D1990A8A00084FDCB</key>
		<dict>
			<key>isa</key>
			<string>PBXFileReference</string>
			<key>lastKnownFileType</key>
			<string>wrapper.framework</string>
			<key>name</key>
			<string>UIKit.framework</string>
			<key>path</key>
			<string>System/Library/Frameworks/UIKit.framework</string>
			<key>sourceTree</key>
			<string>SDKROOT</string>
		</dict>
		<key>2214634E1990A8A00084FDCB</key>
		<dict>
			<key>fileRef</key>
			<string>2214634D1990A8A00084FDCB</string>
			<key>isa</key>
			<string>PBXBuildFile</string>
		</dict>
		<key>2214634F1990A8A00084FDCB</key>
		<dict>
			<key>children</key>
			<array>
				<string>2214638E1990AFCA0084FDCB</string>
				<string>2214638F1990AFCA0084FDCB</string>
				<string>221463881990AF820084FDCB</string>
				<string>221463891990AF820084FDCB</string>
				<string>221463851990AF5A0084FDCB</string>
				<string>221463861990AF5A0084FDCB</string>
				<string>221463811990A96C0084FDCB</string>
				<string>221463821990A96C0084FDCB</string>
				<string>2214637E1990A8FB0084FDCB</string>
				<string>2214637F1990A8FB0084FDCB</string>
				<string>222D02071990F29D005833A8</string>
				<string>222D02081990F29D005833A8</string>
				<string>222D020C1991125E005833A8</string>
				<string>222D020D1991125E005833A8</string>
			</array>
			<key>isa</key>
			<string>PBXGroup</string>
			<key>path</key>
			<string>DenovoEyeApp</string>
			<key>sourceTree</key>
			<string>&lt;group&gt;</string>
		</dict>
		<key>221463501990A8A00084FDCB</key>
		<dict>
			<key>children</key>
			<array>
				<string>221463911990B5530084FDCB</string>
				<string>221463611990A8A00084FDCB</string>
				<string>221463511990A8A00084FDCB</string>
				<string>221463521990A8A00084FDCB</string>
				<string>221463551990A8A00084FDCB</string>
				<string>221463571990A8A00084FDCB</string>
			</array>
			<key>isa</key>
			<string>PBXGroup</string>
			<key>name</key>
			<string>Supporting Files</string>
			<key>path</key>
			<string>DenovoEyeApp</string>
			<key>sourceTree</key>
			<string>&lt;group&gt;</string>
		</dict>
		<key>221463511990A8A00084FDCB</key>
		<dict>
			<key>isa</key>
			<string>PBXFileReference</string>
			<key>lastKnownFileType</key>
			<string>text.plist.xml</string>
			<key>path</key>
			<string>DenovoEyeApp-Info.plist</string>
			<key>sourceTree</key>
			<string>&lt;group&gt;</string>
		</dict>
		<key>221463521990A8A00084FDCB</key>
		<dict>
			<key>children</key>
			<array>
				<string>221463531990A8A00084FDCB</string>
			</array>
			<key>isa</key>
			<string>PBXVariantGroup</string>
			<key>name</key>
			<string>InfoPlist.strings</string>
			<key>sourceTree</key>
			<string>&lt;group&gt;</string>
		</dict>
		<key>221463531990A8A00084FDCB</key>
		<dict>
			<key>isa</key>
			<string>PBXFileReference</string>
			<key>lastKnownFileType</key>
			<string>text.plist.strings</string>
			<key>name</key>
			<string>en</string>
			<key>path</key>
			<string>en.lproj/InfoPlist.strings</string>
			<key>sourceTree</key>
			<string>&lt;group&gt;</string>
		</dict>
		<key>221463541990A8A00084FDCB</key>
		<dict>
			<key>fileRef</key>
			<string>221463521990A8A00084FDCB</string>
			<key>isa</key>
			<string>PBXBuildFile</string>
		</dict>
		<key>221463551990A8A00084FDCB</key>
		<dict>
			<key>isa</key>
			<string>PBXFileReference</string>
			<key>lastKnownFileType</key>
			<string>sourcecode.c.objc</string>
			<key>path</key>
			<string>main.m</string>
			<key>sourceTree</key>
			<string>&lt;group&gt;</string>
		</dict>
		<key>221463561990A8A00084FDCB</key>
		<dict>
			<key>fileRef</key>
			<string>221463551990A8A00084FDCB</string>
			<key>isa</key>
			<string>PBXBuildFile</string>
		</dict>
		<key>221463571990A8A00084FDCB</key>
		<dict>
			<key>isa</key>
			<string>PBXFileReference</string>
			<key>lastKnownFileType</key>
			<string>sourcecode.c.h</string>
			<key>path</key>
			<string>DenovoEyeApp-Prefix.pch</string>
			<key>sourceTree</key>
			<string>&lt;group&gt;</string>
		</dict>
		<key>221463581990A8A00084FDCB</key>
		<dict>
			<key>isa</key>
			<string>PBXFileReference</string>
			<key>lastKnownFileType</key>
			<string>sourcecode.c.h</string>
			<key>name</key>
			<string>DEAppDelegate.h</string>
			<key>path</key>
			<string>DenovoEyeApp/DEAppDelegate.h</string>
			<key>sourceTree</key>
			<string>&lt;group&gt;</string>
		</dict>
		<key>221463591990A8A00084FDCB</key>
		<dict>
			<key>isa</key>
			<string>PBXFileReference</string>
			<key>lastKnownFileType</key>
			<string>sourcecode.c.objc</string>
			<key>name</key>
			<string>DEAppDelegate.m</string>
			<key>path</key>
			<string>DenovoEyeApp/DEAppDelegate.m</string>
			<key>sourceTree</key>
			<string>&lt;group&gt;</string>
		</dict>
		<key>2214635A1990A8A00084FDCB</key>
		<dict>
			<key>fileRef</key>
			<string>221463591990A8A00084FDCB</string>
			<key>isa</key>
			<string>PBXBuildFile</string>
		</dict>
		<key>2214635B1990A8A00084FDCB</key>
		<dict>
			<key>children</key>
			<array>
				<string>2214635C1990A8A00084FDCB</string>
			</array>
			<key>isa</key>
			<string>PBXVariantGroup</string>
			<key>name</key>
			<string>Main.storyboard</string>
			<key>path</key>
			<string>DenovoEyeApp</string>
			<key>sourceTree</key>
			<string>&lt;group&gt;</string>
		</dict>
		<key>2214635C1990A8A00084FDCB</key>
		<dict>
			<key>isa</key>
			<string>PBXFileReference</string>
			<key>lastKnownFileType</key>
			<string>file.storyboard</string>
			<key>name</key>
			<string>Base</string>
			<key>path</key>
			<string>Base.lproj/Main.storyboard</string>
			<key>sourceTree</key>
			<string>&lt;group&gt;</string>
		</dict>
		<key>2214635D1990A8A00084FDCB</key>
		<dict>
			<key>fileRef</key>
			<string>2214635B1990A8A00084FDCB</string>
			<key>isa</key>
			<string>PBXBuildFile</string>
		</dict>
		<key>221463611990A8A00084FDCB</key>
		<dict>
			<key>isa</key>
			<string>PBXFileReference</string>
			<key>lastKnownFileType</key>
			<string>folder.assetcatalog</string>
			<key>path</key>
			<string>Images.xcassets</string>
			<key>sourceTree</key>
			<string>&lt;group&gt;</string>
		</dict>
		<key>221463621990A8A00084FDCB</key>
		<dict>
			<key>fileRef</key>
			<string>221463611990A8A00084FDCB</string>
			<key>isa</key>
			<string>PBXBuildFile</string>
		</dict>
		<key>221463631990A8A00084FDCB</key>
		<dict>
			<key>buildActionMask</key>
			<string>2147483647</string>
			<key>files</key>
			<array>
				<string>221463751990A8A00084FDCB</string>
			</array>
			<key>isa</key>
			<string>PBXSourcesBuildPhase</string>
			<key>runOnlyForDeploymentPostprocessing</key>
			<string>0</string>
		</dict>
		<key>221463641990A8A00084FDCB</key>
		<dict>
			<key>buildActionMask</key>
			<string>2147483647</string>
			<key>files</key>
			<array>
				<string>221463691990A8A00084FDCB</string>
				<string>2214636B1990A8A00084FDCB</string>
				<string>2214636A1990A8A00084FDCB</string>
			</array>
			<key>isa</key>
			<string>PBXFrameworksBuildPhase</string>
			<key>runOnlyForDeploymentPostprocessing</key>
			<string>0</string>
		</dict>
		<key>221463651990A8A00084FDCB</key>
		<dict>
			<key>buildActionMask</key>
			<string>2147483647</string>
			<key>files</key>
			<array>
				<string>221463731990A8A00084FDCB</string>
			</array>
			<key>isa</key>
			<string>PBXResourcesBuildPhase</string>
			<key>runOnlyForDeploymentPostprocessing</key>
			<string>0</string>
		</dict>
		<key>221463661990A8A00084FDCB</key>
		<dict>
			<key>buildConfigurationList</key>
			<string>2214637B1990A8A10084FDCB</string>
			<key>buildPhases</key>
			<array>
				<string>221463631990A8A00084FDCB</string>
				<string>221463641990A8A00084FDCB</string>
				<string>221463651990A8A00084FDCB</string>
			</array>
			<key>buildRules</key>
			<array/>
			<key>dependencies</key>
			<array>
				<string>2214636D1990A8A00084FDCB</string>
			</array>
			<key>isa</key>
			<string>PBXNativeTarget</string>
			<key>name</key>
			<string>DenovoEyeAppTests</string>
			<key>productName</key>
			<string>DenovoEyeAppTests</string>
			<key>productReference</key>
			<string>221463671990A8A00084FDCB</string>
			<key>productType</key>
			<string>com.apple.product-type.bundle.unit-test</string>
		</dict>
		<key>221463671990A8A00084FDCB</key>
		<dict>
			<key>explicitFileType</key>
			<string>wrapper.cfbundle</string>
			<key>includeInIndex</key>
			<string>0</string>
			<key>isa</key>
			<string>PBXFileReference</string>
			<key>path</key>
			<string>DenovoEyeAppTests.xctest</string>
			<key>sourceTree</key>
			<string>BUILT_PRODUCTS_DIR</string>
		</dict>
		<key>221463681990A8A00084FDCB</key>
		<dict>
			<key>isa</key>
			<string>PBXFileReference</string>
			<key>lastKnownFileType</key>
			<string>wrapper.framework</string>
			<key>name</key>
			<string>XCTest.framework</string>
			<key>path</key>
			<string>Library/Frameworks/XCTest.framework</string>
			<key>sourceTree</key>
			<string>DEVELOPER_DIR</string>
		</dict>
		<key>221463691990A8A00084FDCB</key>
		<dict>
			<key>fileRef</key>
			<string>221463681990A8A00084FDCB</string>
			<key>isa</key>
			<string>PBXBuildFile</string>
		</dict>
		<key>2214636A1990A8A00084FDCB</key>
		<dict>
			<key>fileRef</key>
			<string>221463491990A8A00084FDCB</string>
			<key>isa</key>
			<string>PBXBuildFile</string>
		</dict>
		<key>2214636B1990A8A00084FDCB</key>
		<dict>
			<key>fileRef</key>
			<string>2214634D1990A8A00084FDCB</string>
			<key>isa</key>
			<string>PBXBuildFile</string>
		</dict>
		<key>2214636C1990A8A00084FDCB</key>
		<dict>
			<key>containerPortal</key>
			<string>2214633E1990A8A00084FDCB</string>
			<key>isa</key>
			<string>PBXContainerItemProxy</string>
			<key>proxyType</key>
			<string>1</string>
			<key>remoteGlobalIDString</key>
			<string>221463451990A8A00084FDCB</string>
			<key>remoteInfo</key>
			<string>DenovoEyeApp</string>
		</dict>
		<key>2214636D1990A8A00084FDCB</key>
		<dict>
			<key>isa</key>
			<string>PBXTargetDependency</string>
			<key>target</key>
			<string>221463451990A8A00084FDCB</string>
			<key>targetProxy</key>
			<string>2214636C1990A8A00084FDCB</string>
		</dict>
		<key>2214636E1990A8A00084FDCB</key>
		<dict>
			<key>children</key>
			<array>
				<string>221463741990A8A00084FDCB</string>
				<string>2214636F1990A8A00084FDCB</string>
			</array>
			<key>isa</key>
			<string>PBXGroup</string>
			<key>path</key>
			<string>DenovoEyeAppTests</string>
			<key>sourceTree</key>
			<string>&lt;group&gt;</string>
		</dict>
		<key>2214636F1990A8A00084FDCB</key>
		<dict>
			<key>children</key>
			<array>
				<string>221463701990A8A00084FDCB</string>
				<string>221463711990A8A00084FDCB</string>
			</array>
			<key>isa</key>
			<string>PBXGroup</string>
			<key>name</key>
			<string>Supporting Files</string>
			<key>sourceTree</key>
			<string>&lt;group&gt;</string>
		</dict>
		<key>221463701990A8A00084FDCB</key>
		<dict>
			<key>isa</key>
			<string>PBXFileReference</string>
			<key>lastKnownFileType</key>
			<string>text.plist.xml</string>
			<key>path</key>
			<string>DenovoEyeAppTests-Info.plist</string>
			<key>sourceTree</key>
			<string>&lt;group&gt;</string>
		</dict>
		<key>221463711990A8A00084FDCB</key>
		<dict>
			<key>children</key>
			<array>
				<string>221463721990A8A00084FDCB</string>
			</array>
			<key>isa</key>
			<string>PBXVariantGroup</string>
			<key>name</key>
			<string>InfoPlist.strings</string>
			<key>sourceTree</key>
			<string>&lt;group&gt;</string>
		</dict>
		<key>221463721990A8A00084FDCB</key>
		<dict>
			<key>isa</key>
			<string>PBXFileReference</string>
			<key>lastKnownFileType</key>
			<string>text.plist.strings</string>
			<key>name</key>
			<string>en</string>
			<key>path</key>
			<string>en.lproj/InfoPlist.strings</string>
			<key>sourceTree</key>
			<string>&lt;group&gt;</string>
		</dict>
		<key>221463731990A8A00084FDCB</key>
		<dict>
			<key>fileRef</key>
			<string>221463711990A8A00084FDCB</string>
			<key>isa</key>
			<string>PBXBuildFile</string>
		</dict>
		<key>221463741990A8A00084FDCB</key>
		<dict>
			<key>isa</key>
			<string>PBXFileReference</string>
			<key>lastKnownFileType</key>
			<string>sourcecode.c.objc</string>
			<key>path</key>
			<string>DenovoEyeAppTests.m</string>
			<key>sourceTree</key>
			<string>&lt;group&gt;</string>
		</dict>
		<key>221463751990A8A00084FDCB</key>
		<dict>
			<key>fileRef</key>
			<string>221463741990A8A00084FDCB</string>
			<key>isa</key>
			<string>PBXBuildFile</string>
		</dict>
		<key>221463761990A8A00084FDCB</key>
		<dict>
			<key>buildSettings</key>
			<dict>
				<key>ALWAYS_SEARCH_USER_PATHS</key>
				<string>NO</string>
				<key>ARCHS</key>
				<string>$(ARCHS_STANDARD_INCLUDING_64_BIT)</string>
				<key>CLANG_CXX_LANGUAGE_STANDARD</key>
				<string>gnu++0x</string>
				<key>CLANG_CXX_LIBRARY</key>
				<string>libc++</string>
				<key>CLANG_ENABLE_MODULES</key>
				<string>YES</string>
				<key>CLANG_ENABLE_OBJC_ARC</key>
				<string>YES</string>
				<key>CLANG_WARN_BOOL_CONVERSION</key>
				<string>YES</string>
				<key>CLANG_WARN_CONSTANT_CONVERSION</key>
				<string>YES</string>
				<key>CLANG_WARN_DIRECT_OBJC_ISA_USAGE</key>
				<string>YES_ERROR</string>
				<key>CLANG_WARN_EMPTY_BODY</key>
				<string>YES</string>
				<key>CLANG_WARN_ENUM_CONVERSION</key>
				<string>YES</string>
				<key>CLANG_WARN_INT_CONVERSION</key>
				<string>YES</string>
				<key>CLANG_WARN_OBJC_ROOT_CLASS</key>
				<string>YES_ERROR</string>
				<key>CLANG_WARN__DUPLICATE_METHOD_MATCH</key>
				<string>YES</string>
				<key>CODE_SIGN_IDENTITY[sdk=iphoneos*]</key>
				<string>iPhone Developer</string>
				<key>COPY_PHASE_STRIP</key>
				<string>NO</string>
				<key>GCC_C_LANGUAGE_STANDARD</key>
				<string>gnu99</string>
				<key>GCC_DYNAMIC_NO_PIC</key>
				<string>NO</string>
				<key>GCC_OPTIMIZATION_LEVEL</key>
				<string>0</string>
				<key>GCC_PREPROCESSOR_DEFINITIONS</key>
				<array>
					<string>DEBUG=1</string>
					<string>$(inherited)</string>
				</array>
				<key>GCC_SYMBOLS_PRIVATE_EXTERN</key>
				<string>NO</string>
				<key>GCC_WARN_64_TO_32_BIT_CONVERSION</key>
				<string>YES</string>
				<key>GCC_WARN_ABOUT_RETURN_TYPE</key>
				<string>YES_ERROR</string>
				<key>GCC_WARN_UNDECLARED_SELECTOR</key>
				<string>YES</string>
				<key>GCC_WARN_UNINITIALIZED_AUTOS</key>
				<string>YES</string>
				<key>GCC_WARN_UNUSED_FUNCTION</key>
				<string>YES</string>
				<key>GCC_WARN_UNUSED_VARIABLE</key>
				<string>YES</string>
				<key>IPHONEOS_DEPLOYMENT_TARGET</key>
				<string>7.0</string>
				<key>ONLY_ACTIVE_ARCH</key>
				<string>YES</string>
				<key>SDKROOT</key>
				<string>iphoneos</string>
			</dict>
			<key>isa</key>
			<string>XCBuildConfiguration</string>
			<key>name</key>
			<string>Debug</string>
		</dict>
		<key>221463771990A8A00084FDCB</key>
		<dict>
			<key>buildSettings</key>
			<dict>
				<key>ALWAYS_SEARCH_USER_PATHS</key>
				<string>NO</string>
				<key>ARCHS</key>
				<string>$(ARCHS_STANDARD_INCLUDING_64_BIT)</string>
				<key>CLANG_CXX_LANGUAGE_STANDARD</key>
				<string>gnu++0x</string>
				<key>CLANG_CXX_LIBRARY</key>
				<string>libc++</string>
				<key>CLANG_ENABLE_MODULES</key>
				<string>YES</string>
				<key>CLANG_ENABLE_OBJC_ARC</key>
				<string>YES</string>
				<key>CLANG_WARN_BOOL_CONVERSION</key>
				<string>YES</string>
				<key>CLANG_WARN_CONSTANT_CONVERSION</key>
				<string>YES</string>
				<key>CLANG_WARN_DIRECT_OBJC_ISA_USAGE</key>
				<string>YES_ERROR</string>
				<key>CLANG_WARN_EMPTY_BODY</key>
				<string>YES</string>
				<key>CLANG_WARN_ENUM_CONVERSION</key>
				<string>YES</string>
				<key>CLANG_WARN_INT_CONVERSION</key>
				<string>YES</string>
				<key>CLANG_WARN_OBJC_ROOT_CLASS</key>
				<string>YES_ERROR</string>
				<key>CLANG_WARN__DUPLICATE_METHOD_MATCH</key>
				<string>YES</string>
				<key>CODE_SIGN_IDENTITY[sdk=iphoneos*]</key>
				<string>iPhone Developer</string>
				<key>COPY_PHASE_STRIP</key>
				<string>YES</string>
				<key>ENABLE_NS_ASSERTIONS</key>
				<string>NO</string>
				<key>GCC_C_LANGUAGE_STANDARD</key>
				<string>gnu99</string>
				<key>GCC_WARN_64_TO_32_BIT_CONVERSION</key>
				<string>YES</string>
				<key>GCC_WARN_ABOUT_RETURN_TYPE</key>
				<string>YES_ERROR</string>
				<key>GCC_WARN_UNDECLARED_SELECTOR</key>
				<string>YES</string>
				<key>GCC_WARN_UNINITIALIZED_AUTOS</key>
				<string>YES</string>
				<key>GCC_WARN_UNUSED_FUNCTION</key>
				<string>YES</string>
				<key>GCC_WARN_UNUSED_VARIABLE</key>
				<string>YES</string>
				<key>IPHONEOS_DEPLOYMENT_TARGET</key>
				<string>7.0</string>
				<key>SDKROOT</key>
				<string>iphoneos</string>
				<key>VALIDATE_PRODUCT</key>
				<string>YES</string>
			</dict>
			<key>isa</key>
			<string>XCBuildConfiguration</string>
			<key>name</key>
			<string>Release</string>
		</dict>
		<key>221463781990A8A00084FDCB</key>
		<dict>
			<key>buildConfigurations</key>
			<array>
				<string>221463791990A8A00084FDCB</string>
				<string>2214637A1990A8A00084FDCB</string>
			</array>
			<key>defaultConfigurationIsVisible</key>
			<string>0</string>
			<key>defaultConfigurationName</key>
			<string>Release</string>
			<key>isa</key>
			<string>XCConfigurationList</string>
		</dict>
		<key>221463791990A8A00084FDCB</key>
		<dict>
			<key>baseConfigurationReference</key>
			<string>7D6ADED3221B4224998764B0</string>
			<key>buildSettings</key>
			<dict>
				<key>ASSETCATALOG_COMPILER_APPICON_NAME</key>
				<string>AppIcon</string>
				<key>ASSETCATALOG_COMPILER_LAUNCHIMAGE_NAME</key>
				<string>LaunchImage</string>
				<key>GCC_PRECOMPILE_PREFIX_HEADER</key>
				<string>YES</string>
				<key>GCC_PREFIX_HEADER</key>
				<string>DenovoEyeApp/DenovoEyeApp-Prefix.pch</string>
				<key>INFOPLIST_FILE</key>
				<string>DenovoEyeApp/DenovoEyeApp-Info.plist</string>
				<key>PRODUCT_NAME</key>
				<string>$(TARGET_NAME)</string>
				<key>WRAPPER_EXTENSION</key>
				<string>app</string>
			</dict>
			<key>isa</key>
			<string>XCBuildConfiguration</string>
			<key>name</key>
			<string>Debug</string>
		</dict>
		<key>2214637A1990A8A00084FDCB</key>
		<dict>
			<key>baseConfigurationReference</key>
			<string>7D6ADED3221B4224998764B0</string>
			<key>buildSettings</key>
			<dict>
				<key>ASSETCATALOG_COMPILER_APPICON_NAME</key>
				<string>AppIcon</string>
				<key>ASSETCATALOG_COMPILER_LAUNCHIMAGE_NAME</key>
				<string>LaunchImage</string>
				<key>GCC_PRECOMPILE_PREFIX_HEADER</key>
				<string>YES</string>
				<key>GCC_PREFIX_HEADER</key>
				<string>DenovoEyeApp/DenovoEyeApp-Prefix.pch</string>
				<key>INFOPLIST_FILE</key>
				<string>DenovoEyeApp/DenovoEyeApp-Info.plist</string>
				<key>PRODUCT_NAME</key>
				<string>$(TARGET_NAME)</string>
				<key>WRAPPER_EXTENSION</key>
				<string>app</string>
			</dict>
			<key>isa</key>
			<string>XCBuildConfiguration</string>
			<key>name</key>
			<string>Release</string>
		</dict>
		<key>2214637B1990A8A10084FDCB</key>
		<dict>
			<key>buildConfigurations</key>
			<array>
				<string>2214637C1990A8A10084FDCB</string>
				<string>2214637D1990A8A10084FDCB</string>
			</array>
			<key>defaultConfigurationIsVisible</key>
			<string>0</string>
			<key>defaultConfigurationName</key>
			<string>Release</string>
			<key>isa</key>
			<string>XCConfigurationList</string>
		</dict>
		<key>2214637C1990A8A10084FDCB</key>
		<dict>
			<key>buildSettings</key>
			<dict>
				<key>ARCHS</key>
				<string>$(ARCHS_STANDARD_INCLUDING_64_BIT)</string>
				<key>BUNDLE_LOADER</key>
				<string>$(BUILT_PRODUCTS_DIR)/DenovoEyeApp.app/DenovoEyeApp</string>
				<key>FRAMEWORK_SEARCH_PATHS</key>
				<array>
					<string>$(SDKROOT)/Developer/Library/Frameworks</string>
					<string>$(inherited)</string>
					<string>$(DEVELOPER_FRAMEWORKS_DIR)</string>
				</array>
				<key>GCC_PRECOMPILE_PREFIX_HEADER</key>
				<string>YES</string>
				<key>GCC_PREFIX_HEADER</key>
				<string>DenovoEyeApp/DenovoEyeApp-Prefix.pch</string>
				<key>GCC_PREPROCESSOR_DEFINITIONS</key>
				<array>
					<string>DEBUG=1</string>
					<string>$(inherited)</string>
				</array>
				<key>INFOPLIST_FILE</key>
				<string>DenovoEyeAppTests/DenovoEyeAppTests-Info.plist</string>
				<key>PRODUCT_NAME</key>
				<string>$(TARGET_NAME)</string>
				<key>TEST_HOST</key>
				<string>$(BUNDLE_LOADER)</string>
				<key>WRAPPER_EXTENSION</key>
				<string>xctest</string>
			</dict>
			<key>isa</key>
			<string>XCBuildConfiguration</string>
			<key>name</key>
			<string>Debug</string>
		</dict>
		<key>2214637D1990A8A10084FDCB</key>
		<dict>
			<key>buildSettings</key>
			<dict>
				<key>ARCHS</key>
				<string>$(ARCHS_STANDARD_INCLUDING_64_BIT)</string>
				<key>BUNDLE_LOADER</key>
				<string>$(BUILT_PRODUCTS_DIR)/DenovoEyeApp.app/DenovoEyeApp</string>
				<key>FRAMEWORK_SEARCH_PATHS</key>
				<array>
					<string>$(SDKROOT)/Developer/Library/Frameworks</string>
					<string>$(inherited)</string>
					<string>$(DEVELOPER_FRAMEWORKS_DIR)</string>
				</array>
				<key>GCC_PRECOMPILE_PREFIX_HEADER</key>
				<string>YES</string>
				<key>GCC_PREFIX_HEADER</key>
				<string>DenovoEyeApp/DenovoEyeApp-Prefix.pch</string>
				<key>INFOPLIST_FILE</key>
				<string>DenovoEyeAppTests/DenovoEyeAppTests-Info.plist</string>
				<key>PRODUCT_NAME</key>
				<string>$(TARGET_NAME)</string>
				<key>TEST_HOST</key>
				<string>$(BUNDLE_LOADER)</string>
				<key>WRAPPER_EXTENSION</key>
				<string>xctest</string>
			</dict>
			<key>isa</key>
			<string>XCBuildConfiguration</string>
			<key>name</key>
			<string>Release</string>
		</dict>
		<key>2214637E1990A8FB0084FDCB</key>
		<dict>
			<key>fileEncoding</key>
			<string>4</string>
			<key>isa</key>
			<string>PBXFileReference</string>
			<key>lastKnownFileType</key>
			<string>sourcecode.c.h</string>
			<key>path</key>
			<string>DEWelcomeViewController.h</string>
			<key>sourceTree</key>
			<string>&lt;group&gt;</string>
		</dict>
		<key>2214637F1990A8FB0084FDCB</key>
		<dict>
			<key>fileEncoding</key>
			<string>4</string>
			<key>isa</key>
			<string>PBXFileReference</string>
			<key>lastKnownFileType</key>
			<string>sourcecode.c.objc</string>
			<key>path</key>
			<string>DEWelcomeViewController.m</string>
			<key>sourceTree</key>
			<string>&lt;group&gt;</string>
		</dict>
		<key>221463801990A8FB0084FDCB</key>
		<dict>
			<key>fileRef</key>
			<string>2214637F1990A8FB0084FDCB</string>
			<key>isa</key>
			<string>PBXBuildFile</string>
		</dict>
		<key>221463811990A96C0084FDCB</key>
		<dict>
			<key>fileEncoding</key>
			<string>4</string>
			<key>isa</key>
			<string>PBXFileReference</string>
			<key>lastKnownFileType</key>
			<string>sourcecode.c.h</string>
			<key>path</key>
			<string>DELoginViewController.h</string>
			<key>sourceTree</key>
			<string>&lt;group&gt;</string>
		</dict>
		<key>221463821990A96C0084FDCB</key>
		<dict>
			<key>fileEncoding</key>
			<string>4</string>
			<key>isa</key>
			<string>PBXFileReference</string>
			<key>lastKnownFileType</key>
			<string>sourcecode.c.objc</string>
			<key>path</key>
			<string>DELoginViewController.m</string>
			<key>sourceTree</key>
			<string>&lt;group&gt;</string>
		</dict>
		<key>221463831990A96C0084FDCB</key>
		<dict>
			<key>fileRef</key>
			<string>221463821990A96C0084FDCB</string>
			<key>isa</key>
			<string>PBXBuildFile</string>
		</dict>
		<key>221463851990AF5A0084FDCB</key>
		<dict>
			<key>fileEncoding</key>
			<string>4</string>
			<key>isa</key>
			<string>PBXFileReference</string>
			<key>lastKnownFileType</key>
			<string>sourcecode.c.h</string>
			<key>path</key>
			<string>DEDashBoardViewController.h</string>
			<key>sourceTree</key>
			<string>&lt;group&gt;</string>
		</dict>
		<key>221463861990AF5A0084FDCB</key>
		<dict>
			<key>fileEncoding</key>
			<string>4</string>
			<key>isa</key>
			<string>PBXFileReference</string>
			<key>lastKnownFileType</key>
			<string>sourcecode.c.objc</string>
			<key>path</key>
			<string>DEDashBoardViewController.m</string>
			<key>sourceTree</key>
			<string>&lt;group&gt;</string>
		</dict>
		<key>221463871990AF5A0084FDCB</key>
		<dict>
			<key>fileRef</key>
			<string>221463861990AF5A0084FDCB</string>
			<key>isa</key>
			<string>PBXBuildFile</string>
		</dict>
		<key>221463881990AF820084FDCB</key>
		<dict>
			<key>fileEncoding</key>
			<string>4</string>
			<key>isa</key>
			<string>PBXFileReference</string>
			<key>lastKnownFileType</key>
			<string>sourcecode.c.h</string>
			<key>path</key>
			<string>DEMedicationViewController.h</string>
			<key>sourceTree</key>
			<string>&lt;group&gt;</string>
		</dict>
		<key>221463891990AF820084FDCB</key>
		<dict>
			<key>fileEncoding</key>
			<string>4</string>
			<key>isa</key>
			<string>PBXFileReference</string>
			<key>lastKnownFileType</key>
			<string>sourcecode.c.objc</string>
			<key>path</key>
			<string>DEMedicationViewController.m</string>
			<key>sourceTree</key>
			<string>&lt;group&gt;</string>
		</dict>
		<key>2214638A1990AF820084FDCB</key>
		<dict>
			<key>fileRef</key>
			<string>221463891990AF820084FDCB</string>
			<key>isa</key>
			<string>PBXBuildFile</string>
		</dict>
		<key>2214638E1990AFCA0084FDCB</key>
		<dict>
			<key>fileEncoding</key>
			<string>4</string>
			<key>isa</key>
			<string>PBXFileReference</string>
			<key>lastKnownFileType</key>
			<string>sourcecode.c.h</string>
			<key>path</key>
			<string>DEAddMedicationViewController.h</string>
			<key>sourceTree</key>
			<string>&lt;group&gt;</string>
		</dict>
		<key>2214638F1990AFCA0084FDCB</key>
		<dict>
			<key>fileEncoding</key>
			<string>4</string>
			<key>isa</key>
			<string>PBXFileReference</string>
			<key>lastKnownFileType</key>
			<string>sourcecode.c.objc</string>
			<key>path</key>
			<string>DEAddMedicationViewController.m</string>
			<key>sourceTree</key>
			<string>&lt;group&gt;</string>
		</dict>
		<key>221463901990AFCA0084FDCB</key>
		<dict>
			<key>fileRef</key>
			<string>2214638F1990AFCA0084FDCB</string>
			<key>isa</key>
			<string>PBXBuildFile</string>
		</dict>
		<key>221463911990B5530084FDCB</key>
		<dict>
			<key>children</key>
			<array>
				<string>222D020A1990FE7D005833A8</string>
				<string>221463941990B57D0084FDCB</string>
			</array>
			<key>isa</key>
			<string>PBXGroup</string>
			<key>name</key>
			<string>Images</string>
			<key>sourceTree</key>
			<string>&lt;group&gt;</string>
		</dict>
		<key>221463941990B57D0084FDCB</key>
		<dict>
			<key>isa</key>
			<string>PBXFileReference</string>
			<key>lastKnownFileType</key>
			<string>image.jpeg</string>
			<key>path</key>
			<string>Welcome.jpg</string>
			<key>sourceTree</key>
			<string>&lt;group&gt;</string>
		</dict>
		<key>221463951990B57D0084FDCB</key>
		<dict>
			<key>fileRef</key>
			<string>221463941990B57D0084FDCB</string>
			<key>isa</key>
			<string>PBXBuildFile</string>
		</dict>
		<key>222D02071990F29D005833A8</key>
		<dict>
			<key>fileEncoding</key>
			<string>4</string>
			<key>isa</key>
			<string>PBXFileReference</string>
			<key>lastKnownFileType</key>
			<string>sourcecode.c.h</string>
			<key>path</key>
			<string>Utilities.h</string>
			<key>sourceTree</key>
			<string>&lt;group&gt;</string>
		</dict>
		<key>222D02081990F29D005833A8</key>
		<dict>
			<key>fileEncoding</key>
			<string>4</string>
			<key>isa</key>
			<string>PBXFileReference</string>
			<key>lastKnownFileType</key>
			<string>sourcecode.c.objc</string>
			<key>path</key>
			<string>Utilities.m</string>
			<key>sourceTree</key>
			<string>&lt;group&gt;</string>
		</dict>
		<key>222D02091990F29D005833A8</key>
		<dict>
			<key>fileRef</key>
			<string>222D02081990F29D005833A8</string>
			<key>isa</key>
			<string>PBXBuildFile</string>
		</dict>
		<key>222D020A1990FE7D005833A8</key>
		<dict>
			<key>isa</key>
			<string>PBXFileReference</string>
			<key>lastKnownFileType</key>
			<string>image.png</string>
			<key>path</key>
			<string>list-star-7.png</string>
			<key>sourceTree</key>
			<string>&lt;group&gt;</string>
		</dict>
		<key>222D020B1990FE7D005833A8</key>
		<dict>
			<key>fileRef</key>
			<string>222D020A1990FE7D005833A8</string>
			<key>isa</key>
			<string>PBXBuildFile</string>
		</dict>
		<key>222D020C1991125E005833A8</key>
		<dict>
			<key>fileEncoding</key>
			<string>4</string>
			<key>isa</key>
			<string>PBXFileReference</string>
			<key>lastKnownFileType</key>
			<string>sourcecode.c.h</string>
			<key>path</key>
			<string>DEMenuListItem.h</string>
			<key>sourceTree</key>
			<string>&lt;group&gt;</string>
		</dict>
		<key>222D020D1991125E005833A8</key>
		<dict>
			<key>fileEncoding</key>
			<string>4</string>
			<key>isa</key>
			<string>PBXFileReference</string>
			<key>lastKnownFileType</key>
			<string>sourcecode.c.objc</string>
			<key>path</key>
			<string>DEMenuListItem.m</string>
			<key>sourceTree</key>
			<string>&lt;group&gt;</string>
		</dict>
		<key>222D020E1991125E005833A8</key>
		<dict>
			<key>fileRef</key>
			<string>222D020D1991125E005833A8</string>
			<key>isa</key>
			<string>PBXBuildFile</string>
		</dict>
		<key>48BA033F3FBC4B6DB92B6AEB</key>
		<dict>
			<key>buildActionMask</key>
			<string>2147483647</string>
			<key>files</key>
			<array/>
			<key>inputPaths</key>
			<array/>
			<key>isa</key>
			<string>PBXShellScriptBuildPhase</string>
			<key>name</key>
			<string>Copy Pods Resources</string>
			<key>outputPaths</key>
			<array/>
			<key>runOnlyForDeploymentPostprocessing</key>
			<string>0</string>
			<key>shellPath</key>
			<string>/bin/sh</string>
			<key>shellScript</key>
			<string>"${SRCROOT}/Pods/Pods-resources.sh"
</string>
			<key>showEnvVarsInLog</key>
			<string>0</string>
		</dict>
		<key>62DFD7CACA1A47BEA2928F6E</key>
		<dict>
			<key>buildActionMask</key>
			<string>2147483647</string>
			<key>files</key>
			<array/>
			<key>inputPaths</key>
			<array/>
			<key>isa</key>
			<string>PBXShellScriptBuildPhase</string>
			<key>name</key>
			<string>Check Pods Manifest.lock</string>
			<key>outputPaths</key>
			<array/>
			<key>runOnlyForDeploymentPostprocessing</key>
			<string>0</string>
			<key>shellPath</key>
			<string>/bin/sh</string>
			<key>shellScript</key>
			<string>diff "${PODS_ROOT}/../Podfile.lock" "${PODS_ROOT}/Manifest.lock" &gt; /dev/null
if [[ $? != 0 ]] ; then
    cat &lt;&lt; EOM
error: The sandbox is not in sync with the Podfile.lock. Run 'pod install' or update your CocoaPods installation.
EOM
    exit 1
fi
</string>
			<key>showEnvVarsInLog</key>
			<string>0</string>
		</dict>
		<key>7D6ADED3221B4224998764B0</key>
		<dict>
			<key>includeInIndex</key>
			<string>1</string>
			<key>isa</key>
			<string>PBXFileReference</string>
			<key>lastKnownFileType</key>
			<string>text.xcconfig</string>
			<key>name</key>
			<string>Pods.xcconfig</string>
			<key>path</key>
			<string>Pods/Pods.xcconfig</string>
			<key>sourceTree</key>
			<string>&lt;group&gt;</string>
		</dict>
		<key>F5AFBF898F34404AB658F1E5</key>
		<dict>
			<key>explicitFileType</key>
			<string>archive.ar</string>
			<key>includeInIndex</key>
			<string>0</string>
			<key>isa</key>
			<string>PBXFileReference</string>
			<key>path</key>
			<string>libPods.a</string>
			<key>sourceTree</key>
			<string>BUILT_PRODUCTS_DIR</string>
		</dict>
		<key>FF9970E479A0471A958A14D2</key>
		<dict>
			<key>fileRef</key>
			<string>F5AFBF898F34404AB658F1E5</string>
			<key>isa</key>
			<string>PBXBuildFile</string>
		</dict>
	</dict>
	<key>rootObject</key>
	<string>2214633E1990A8A00084FDCB</string>
</dict>
</plist>
