// !$*UTF8*$!
{
	archiveVersion = 1;
	classes = {
	};
	objectVersion = 46;
	objects = {

/* Begin PBXBuildFile section */
		2214634A1990A8A00084FDCB /* Foundation.framework in Frameworks */ = {isa = PBXBuildFile; fileRef = 221463491990A8A00084FDCB /* Foundation.framework */; };
		2214634C1990A8A00084FDCB /* CoreGraphics.framework in Frameworks */ = {isa = PBXBuildFile; fileRef = 2214634B1990A8A00084FDCB /* CoreGraphics.framework */; };
		2214634E1990A8A00084FDCB /* UIKit.framework in Frameworks */ = {isa = PBXBuildFile; fileRef = 2214634D1990A8A00084FDCB /* UIKit.framework */; };
		221463541990A8A00084FDCB /* InfoPlist.strings in Resources */ = {isa = PBXBuildFile; fileRef = 221463521990A8A00084FDCB /* InfoPlist.strings */; };
		221463561990A8A00084FDCB /* main.m in Sources */ = {isa = PBXBuildFile; fileRef = 221463551990A8A00084FDCB /* main.m */; };
		2214635A1990A8A00084FDCB /* DEAppDelegate.m in Sources */ = {isa = PBXBuildFile; fileRef = 221463591990A8A00084FDCB /* DEAppDelegate.m */; };
		2214635D1990A8A00084FDCB /* Main.storyboard in Resources */ = {isa = PBXBuildFile; fileRef = 2214635B1990A8A00084FDCB /* Main.storyboard */; };
		221463601990A8A00084FDCB /* DEViewController.m in Sources */ = {isa = PBXBuildFile; fileRef = 2214635F1990A8A00084FDCB /* DEViewController.m */; };
		221463621990A8A00084FDCB /* Images.xcassets in Resources */ = {isa = PBXBuildFile; fileRef = 221463611990A8A00084FDCB /* Images.xcassets */; };
		221463691990A8A00084FDCB /* XCTest.framework in Frameworks */ = {isa = PBXBuildFile; fileRef = 221463681990A8A00084FDCB /* XCTest.framework */; };
		2214636A1990A8A00084FDCB /* Foundation.framework in Frameworks */ = {isa = PBXBuildFile; fileRef = 221463491990A8A00084FDCB /* Foundation.framework */; };
		2214636B1990A8A00084FDCB /* UIKit.framework in Frameworks */ = {isa = PBXBuildFile; fileRef = 2214634D1990A8A00084FDCB /* UIKit.framework */; };
		221463731990A8A00084FDCB /* InfoPlist.strings in Resources */ = {isa = PBXBuildFile; fileRef = 221463711990A8A00084FDCB /* InfoPlist.strings */; };
		221463751990A8A00084FDCB /* DenovoEyeAppTests.m in Sources */ = {isa = PBXBuildFile; fileRef = 221463741990A8A00084FDCB /* DenovoEyeAppTests.m */; };
/* End PBXBuildFile section */

/* Begin PBXContainerItemProxy section */
		2214636C1990A8A00084FDCB /* PBXContainerItemProxy */ = {
			isa = PBXContainerItemProxy;
			containerPortal = 2214633E1990A8A00084FDCB /* Project object */;
			proxyType = 1;
			remoteGlobalIDString = 221463451990A8A00084FDCB;
			remoteInfo = DenovoEyeApp;
		};
/* End PBXContainerItemProxy section */

/* Begin PBXFileReference section */
		221463461990A8A00084FDCB /* DenovoEyeApp.app */ = {isa = PBXFileReference; explicitFileType = wrapper.application; includeInIndex = 0; path = DenovoEyeApp.app; sourceTree = BUILT_PRODUCTS_DIR; };
		221463491990A8A00084FDCB /* Foundation.framework */ = {isa = PBXFileReference; lastKnownFileType = wrapper.framework; name = Foundation.framework; path = System/Library/Frameworks/Foundation.framework; sourceTree = SDKROOT; };
		2214634B1990A8A00084FDCB /* CoreGraphics.framework */ = {isa = PBXFileReference; lastKnownFileType = wrapper.framework; name = CoreGraphics.framework; path = System/Library/Frameworks/CoreGraphics.framework; sourceTree = SDKROOT; };
		2214634D1990A8A00084FDCB /* UIKit.framework */ = {isa = PBXFileReference; lastKnownFileType = wrapper.framework; name = UIKit.framework; path = System/Library/Frameworks/UIKit.framework; sourceTree = SDKROOT; };
		221463511990A8A00084FDCB /* DenovoEyeApp-Info.plist */ = {isa = PBXFileReference; lastKnownFileType = text.plist.xml; path = "DenovoEyeApp-Info.plist"; sourceTree = "<group>"; };
		221463531990A8A00084FDCB /* en */ = {isa = PBXFileReference; lastKnownFileType = text.plist.strings; name = en; path = en.lproj/InfoPlist.strings; sourceTree = "<group>"; };
		221463551990A8A00084FDCB /* main.m */ = {isa = PBXFileReference; lastKnownFileType = sourcecode.c.objc; path = main.m; sourceTree = "<group>"; };
		221463571990A8A00084FDCB /* DenovoEyeApp-Prefix.pch */ = {isa = PBXFileReference; lastKnownFileType = sourcecode.c.h; path = "DenovoEyeApp-Prefix.pch"; sourceTree = "<group>"; };
		221463581990A8A00084FDCB /* DEAppDelegate.h */ = {isa = PBXFileReference; lastKnownFileType = sourcecode.c.h; path = DEAppDelegate.h; sourceTree = "<group>"; };
		221463591990A8A00084FDCB /* DEAppDelegate.m */ = {isa = PBXFileReference; lastKnownFileType = sourcecode.c.objc; path = DEAppDelegate.m; sourceTree = "<group>"; };
		2214635C1990A8A00084FDCB /* Base */ = {isa = PBXFileReference; lastKnownFileType = file.storyboard; name = Base; path = Base.lproj/Main.storyboard; sourceTree = "<group>"; };
		2214635E1990A8A00084FDCB /* DEViewController.h */ = {isa = PBXFileReference; lastKnownFileType = sourcecode.c.h; path = DEViewController.h; sourceTree = "<group>"; };
		2214635F1990A8A00084FDCB /* DEViewController.m */ = {isa = PBXFileReference; lastKnownFileType = sourcecode.c.objc; path = DEViewController.m; sourceTree = "<group>"; };
		221463611990A8A00084FDCB /* Images.xcassets */ = {isa = PBXFileReference; lastKnownFileType = folder.assetcatalog; path = Images.xcassets; sourceTree = "<group>"; };
		221463671990A8A00084FDCB /* DenovoEyeAppTests.xctest */ = {isa = PBXFileReference; explicitFileType = wrapper.cfbundle; includeInIndex = 0; path = DenovoEyeAppTests.xctest; sourceTree = BUILT_PRODUCTS_DIR; };
		221463681990A8A00084FDCB /* XCTest.framework */ = {isa = PBXFileReference; lastKnownFileType = wrapper.framework; name = XCTest.framework; path = Library/Frameworks/XCTest.framework; sourceTree = DEVELOPER_DIR; };
		221463701990A8A00084FDCB /* DenovoEyeAppTests-Info.plist */ = {isa = PBXFileReference; lastKnownFileType = text.plist.xml; path = "DenovoEyeAppTests-Info.plist"; sourceTree = "<group>"; };
		221463721990A8A00084FDCB /* en */ = {isa = PBXFileReference; lastKnownFileType = text.plist.strings; name = en; path = en.lproj/InfoPlist.strings; sourceTree = "<group>"; };
		221463741990A8A00084FDCB /* DenovoEyeAppTests.m */ = {isa = PBXFileReference; lastKnownFileType = sourcecode.c.objc; path = DenovoEyeAppTests.m; sourceTree = "<group>"; };
/* End PBXFileReference section */

/* Begin PBXFrameworksBuildPhase section */
		221463431990A8A00084FDCB /* Frameworks */ = {
			isa = PBXFrameworksBuildPhase;
			buildActionMask = 2147483647;
			files = (
				2214634C1990A8A00084FDCB /* CoreGraphics.framework in Frameworks */,
				2214634E1990A8A00084FDCB /* UIKit.framework in Frameworks */,
				2214634A1990A8A00084FDCB /* Foundation.framework in Frameworks */,
			);
			runOnlyForDeploymentPostprocessing = 0;
		};
		221463641990A8A00084FDCB /* Frameworks */ = {
			isa = PBXFrameworksBuildPhase;
			buildActionMask = 2147483647;
			files = (
				221463691990A8A00084FDCB /* XCTest.framework in Frameworks */,
				2214636B1990A8A00084FDCB /* UIKit.framework in Frameworks */,
				2214636A1990A8A00084FDCB /* Foundation.framework in Frameworks */,
			);
			runOnlyForDeploymentPostprocessing = 0;
		};
/* End PBXFrameworksBuildPhase section */

/* Begin PBXGroup section */
		2214633D1990A8A00084FDCB = {
			isa = PBXGroup;
			children = (
				2214634F1990A8A00084FDCB /* DenovoEyeApp */,
				2214636E1990A8A00084FDCB /* DenovoEyeAppTests */,
				221463481990A8A00084FDCB /* Frameworks */,
				221463471990A8A00084FDCB /* Products */,
			);
			sourceTree = "<group>";
		};
		221463471990A8A00084FDCB /* Products */ = {
			isa = PBXGroup;
			children = (
				221463461990A8A00084FDCB /* DenovoEyeApp.app */,
				221463671990A8A00084FDCB /* DenovoEyeAppTests.xctest */,
			);
			name = Products;
			sourceTree = "<group>";
		};
		221463481990A8A00084FDCB /* Frameworks */ = {
			isa = PBXGroup;
			children = (
				221463491990A8A00084FDCB /* Foundation.framework */,
				2214634B1990A8A00084FDCB /* CoreGraphics.framework */,
				2214634D1990A8A00084FDCB /* UIKit.framework */,
				221463681990A8A00084FDCB /* XCTest.framework */,
			);
			name = Frameworks;
			sourceTree = "<group>";
		};
		2214634F1990A8A00084FDCB /* DenovoEyeApp */ = {
			isa = PBXGroup;
			children = (
				221463581990A8A00084FDCB /* DEAppDelegate.h */,
				221463591990A8A00084FDCB /* DEAppDelegate.m */,
				2214635B1990A8A00084FDCB /* Main.storyboard */,
				2214635E1990A8A00084FDCB /* DEViewController.h */,
				2214635F1990A8A00084FDCB /* DEViewController.m */,
				221463611990A8A00084FDCB /* Images.xcassets */,
				221463501990A8A00084FDCB /* Supporting Files */,
			);
			path = DenovoEyeApp;
			sourceTree = "<group>";
		};
		221463501990A8A00084FDCB /* Supporting Files */ = {
			isa = PBXGroup;
			children = (
				221463511990A8A00084FDCB /* DenovoEyeApp-Info.plist */,
				221463521990A8A00084FDCB /* InfoPlist.strings */,
				221463551990A8A00084FDCB /* main.m */,
				221463571990A8A00084FDCB /* DenovoEyeApp-Prefix.pch */,
			);
			name = "Supporting Files";
			sourceTree = "<group>";
		};
		2214636E1990A8A00084FDCB /* DenovoEyeAppTests */ = {
			isa = PBXGroup;
			children = (
				221463741990A8A00084FDCB /* DenovoEyeAppTests.m */,
				2214636F1990A8A00084FDCB /* Supporting Files */,
			);
			path = DenovoEyeAppTests;
			sourceTree = "<group>";
		};
		2214636F1990A8A00084FDCB /* Supporting Files */ = {
			isa = PBXGroup;
			children = (
				221463701990A8A00084FDCB /* DenovoEyeAppTests-Info.plist */,
				221463711990A8A00084FDCB /* InfoPlist.strings */,
			);
			name = "Supporting Files";
			sourceTree = "<group>";
		};
/* End PBXGroup section */

/* Begin PBXNativeTarget section */
		221463451990A8A00084FDCB /* DenovoEyeApp */ = {
			isa = PBXNativeTarget;
			buildConfigurationList = 221463781990A8A00084FDCB /* Build configuration list for PBXNativeTarget "DenovoEyeApp" */;
			buildPhases = (
				221463421990A8A00084FDCB /* Sources */,
				221463431990A8A00084FDCB /* Frameworks */,
				221463441990A8A00084FDCB /* Resources */,
			);
			buildRules = (
			);
			dependencies = (
			);
			name = DenovoEyeApp;
			productName = DenovoEyeApp;
			productReference = 221463461990A8A00084FDCB /* DenovoEyeApp.app */;
			productType = "com.apple.product-type.application";
		};
		221463661990A8A00084FDCB /* DenovoEyeAppTests */ = {
			isa = PBXNativeTarget;
			buildConfigurationList = 2214637B1990A8A10084FDCB /* Build configuration list for PBXNativeTarget "DenovoEyeAppTests" */;
			buildPhases = (
				221463631990A8A00084FDCB /* Sources */,
				221463641990A8A00084FDCB /* Frameworks */,
				221463651990A8A00084FDCB /* Resources */,
			);
			buildRules = (
			);
			dependencies = (
				2214636D1990A8A00084FDCB /* PBXTargetDependency */,
			);
			name = DenovoEyeAppTests;
			productName = DenovoEyeAppTests;
			productReference = 221463671990A8A00084FDCB /* DenovoEyeAppTests.xctest */;
			productType = "com.apple.product-type.bundle.unit-test";
		};
/* End PBXNativeTarget section */

/* Begin PBXProject section */
		2214633E1990A8A00084FDCB /* Project object */ = {
			isa = PBXProject;
			attributes = {
				CLASSPREFIX = DE;
				LastUpgradeCheck = 0500;
				ORGANIZATIONNAME = Vishnu;
				TargetAttributes = {
					221463661990A8A00084FDCB = {
						TestTargetID = 221463451990A8A00084FDCB;
					};
				};
			};
			buildConfigurationList = 221463411990A8A00084FDCB /* Build configuration list for PBXProject "DenovoEyeApp" */;
			compatibilityVersion = "Xcode 3.2";
			developmentRegion = English;
			hasScannedForEncodings = 0;
			knownRegions = (
				en,
				Base,
			);
			mainGroup = 2214633D1990A8A00084FDCB;
			productRefGroup = 221463471990A8A00084FDCB /* Products */;
			projectDirPath = "";
			projectRoot = "";
			targets = (
				221463451990A8A00084FDCB /* DenovoEyeApp */,
				221463661990A8A00084FDCB /* DenovoEyeAppTests */,
			);
		};
/* End PBXProject section */

/* Begin PBXResourcesBuildPhase section */
		221463441990A8A00084FDCB /* Resources */ = {
			isa = PBXResourcesBuildPhase;
			buildActionMask = 2147483647;
			files = (
				221463621990A8A00084FDCB /* Images.xcassets in Resources */,
				221463541990A8A00084FDCB /* InfoPlist.strings in Resources */,
				2214635D1990A8A00084FDCB /* Main.storyboard in Resources */,
			);
			runOnlyForDeploymentPostprocessing = 0;
		};
		221463651990A8A00084FDCB /* Resources */ = {
			isa = PBXResourcesBuildPhase;
			buildActionMask = 2147483647;
			files = (
				221463731990A8A00084FDCB /* InfoPlist.strings in Resources */,
			);
			runOnlyForDeploymentPostprocessing = 0;
		};
/* End PBXResourcesBuildPhase section */

/* Begin PBXSourcesBuildPhase section */
		221463421990A8A00084FDCB /* Sources */ = {
			isa = PBXSourcesBuildPhase;
			buildActionMask = 2147483647;
			files = (
				221463561990A8A00084FDCB /* main.m in Sources */,
				221463601990A8A00084FDCB /* DEViewController.m in Sources */,
				2214635A1990A8A00084FDCB /* DEAppDelegate.m in Sources */,
			);
			runOnlyForDeploymentPostprocessing = 0;
		};
		221463631990A8A00084FDCB /* Sources */ = {
			isa = PBXSourcesBuildPhase;
			buildActionMask = 2147483647;
			files = (
				221463751990A8A00084FDCB /* DenovoEyeAppTests.m in Sources */,
			);
			runOnlyForDeploymentPostprocessing = 0;
		};
/* End PBXSourcesBuildPhase section */

/* Begin PBXTargetDependency section */
		2214636D1990A8A00084FDCB /* PBXTargetDependency */ = {
			isa = PBXTargetDependency;
			target = 221463451990A8A00084FDCB /* DenovoEyeApp */;
			targetProxy = 2214636C1990A8A00084FDCB /* PBXContainerItemProxy */;
		};
/* End PBXTargetDependency section */

/* Begin PBXVariantGroup section */
		221463521990A8A00084FDCB /* InfoPlist.strings */ = {
			isa = PBXVariantGroup;
			children = (
				221463531990A8A00084FDCB /* en */,
			);
			name = InfoPlist.strings;
			sourceTree = "<group>";
		};
		2214635B1990A8A00084FDCB /* Main.storyboard */ = {
			isa = PBXVariantGroup;
			children = (
				2214635C1990A8A00084FDCB /* Base */,
			);
			name = Main.storyboard;
			sourceTree = "<group>";
		};
		221463711990A8A00084FDCB /* InfoPlist.strings */ = {
			isa = PBXVariantGroup;
			children = (
				221463721990A8A00084FDCB /* en */,
			);
			name = InfoPlist.strings;
			sourceTree = "<group>";
		};
/* End PBXVariantGroup section */

/* Begin XCBuildConfiguration section */
		221463761990A8A00084FDCB /* Debug */ = {
			isa = XCBuildConfiguration;
			buildSettings = {
				ALWAYS_SEARCH_USER_PATHS = NO;
				ARCHS = "$(ARCHS_STANDARD_INCLUDING_64_BIT)";
				CLANG_CXX_LANGUAGE_STANDARD = "gnu++0x";
				CLANG_CXX_LIBRARY = "libc++";
				CLANG_ENABLE_MODULES = YES;
				CLANG_ENABLE_OBJC_ARC = YES;
				CLANG_WARN_BOOL_CONVERSION = YES;
				CLANG_WARN_CONSTANT_CONVERSION = YES;
				CLANG_WARN_DIRECT_OBJC_ISA_USAGE = YES_ERROR;
				CLANG_WARN_EMPTY_BODY = YES;
				CLANG_WARN_ENUM_CONVERSION = YES;
				CLANG_WARN_INT_CONVERSION = YES;
				CLANG_WARN_OBJC_ROOT_CLASS = YES_ERROR;
				CLANG_WARN__DUPLICATE_METHOD_MATCH = YES;
				"CODE_SIGN_IDENTITY[sdk=iphoneos*]" = "iPhone Developer";
				COPY_PHASE_STRIP = NO;
				GCC_C_LANGUAGE_STANDARD = gnu99;
				GCC_DYNAMIC_NO_PIC = NO;
				GCC_OPTIMIZATION_LEVEL = 0;
				GCC_PREPROCESSOR_DEFINITIONS = (
					"DEBUG=1",
					"$(inherited)",
				);
				GCC_SYMBOLS_PRIVATE_EXTERN = NO;
				GCC_WARN_64_TO_32_BIT_CONVERSION = YES;
				GCC_WARN_ABOUT_RETURN_TYPE = YES_ERROR;
				GCC_WARN_UNDECLARED_SELECTOR = YES;
				GCC_WARN_UNINITIALIZED_AUTOS = YES;
				GCC_WARN_UNUSED_FUNCTION = YES;
				GCC_WARN_UNUSED_VARIABLE = YES;
				IPHONEOS_DEPLOYMENT_TARGET = 7.0;
				ONLY_ACTIVE_ARCH = YES;
				SDKROOT = iphoneos;
			};
			name = Debug;
		};
		221463771990A8A00084FDCB /* Release */ = {
			isa = XCBuildConfiguration;
			buildSettings = {
				ALWAYS_SEARCH_USER_PATHS = NO;
				ARCHS = "$(ARCHS_STANDARD_INCLUDING_64_BIT)";
				CLANG_CXX_LANGUAGE_STANDARD = "gnu++0x";
				CLANG_CXX_LIBRARY = "libc++";
				CLANG_ENABLE_MODULES = YES;
				CLANG_ENABLE_OBJC_ARC = YES;
				CLANG_WARN_BOOL_CONVERSION = YES;
				CLANG_WARN_CONSTANT_CONVERSION = YES;
				CLANG_WARN_DIRECT_OBJC_ISA_USAGE = YES_ERROR;
				CLANG_WARN_EMPTY_BODY = YES;
				CLANG_WARN_ENUM_CONVERSION = YES;
				CLANG_WARN_INT_CONVERSION = YES;
				CLANG_WARN_OBJC_ROOT_CLASS = YES_ERROR;
				CLANG_WARN__DUPLICATE_METHOD_MATCH = YES;
				"CODE_SIGN_IDENTITY[sdk=iphoneos*]" = "iPhone Developer";
				COPY_PHASE_STRIP = YES;
				ENABLE_NS_ASSERTIONS = NO;
				GCC_C_LANGUAGE_STANDARD = gnu99;
				GCC_WARN_64_TO_32_BIT_CONVERSION = YES;
				GCC_WARN_ABOUT_RETURN_TYPE = YES_ERROR;
				GCC_WARN_UNDECLARED_SELECTOR = YES;
				GCC_WARN_UNINITIALIZED_AUTOS = YES;
				GCC_WARN_UNUSED_FUNCTION = YES;
				GCC_WARN_UNUSED_VARIABLE = YES;
				IPHONEOS_DEPLOYMENT_TARGET = 7.0;
				SDKROOT = iphoneos;
				VALIDATE_PRODUCT = YES;
			};
			name = Release;
		};
		221463791990A8A00084FDCB /* Debug */ = {
			isa = XCBuildConfiguration;
			buildSettings = {
				ASSETCATALOG_COMPILER_APPICON_NAME = AppIcon;
				ASSETCATALOG_COMPILER_LAUNCHIMAGE_NAME = LaunchImage;
				GCC_PRECOMPILE_PREFIX_HEADER = YES;
				GCC_PREFIX_HEADER = "DenovoEyeApp/DenovoEyeApp-Prefix.pch";
				INFOPLIST_FILE = "DenovoEyeApp/DenovoEyeApp-Info.plist";
				PRODUCT_NAME = "$(TARGET_NAME)";
				WRAPPER_EXTENSION = app;
			};
			name = Debug;
		};
		2214637A1990A8A00084FDCB /* Release */ = {
			isa = XCBuildConfiguration;
			buildSettings = {
				ASSETCATALOG_COMPILER_APPICON_NAME = AppIcon;
				ASSETCATALOG_COMPILER_LAUNCHIMAGE_NAME = LaunchImage;
				GCC_PRECOMPILE_PREFIX_HEADER = YES;
				GCC_PREFIX_HEADER = "DenovoEyeApp/DenovoEyeApp-Prefix.pch";
				INFOPLIST_FILE = "DenovoEyeApp/DenovoEyeApp-Info.plist";
				PRODUCT_NAME = "$(TARGET_NAME)";
				WRAPPER_EXTENSION = app;
			};
			name = Release;
		};
		2214637C1990A8A10084FDCB /* Debug */ = {
			isa = XCBuildConfiguration;
			buildSettings = {
				ARCHS = "$(ARCHS_STANDARD_INCLUDING_64_BIT)";
				BUNDLE_LOADER = "$(BUILT_PRODUCTS_DIR)/DenovoEyeApp.app/DenovoEyeApp";
				FRAMEWORK_SEARCH_PATHS = (
					"$(SDKROOT)/Developer/Library/Frameworks",
					"$(inherited)",
					"$(DEVELOPER_FRAMEWORKS_DIR)",
				);
				GCC_PRECOMPILE_PREFIX_HEADER = YES;
				GCC_PREFIX_HEADER = "DenovoEyeApp/DenovoEyeApp-Prefix.pch";
				GCC_PREPROCESSOR_DEFINITIONS = (
					"DEBUG=1",
					"$(inherited)",
				);
				INFOPLIST_FILE = "DenovoEyeAppTests/DenovoEyeAppTests-Info.plist";
				PRODUCT_NAME = "$(TARGET_NAME)";
				TEST_HOST = "$(BUNDLE_LOADER)";
				WRAPPER_EXTENSION = xctest;
			};
			name = Debug;
		};
		2214637D1990A8A10084FDCB /* Release */ = {
			isa = XCBuildConfiguration;
			buildSettings = {
				ARCHS = "$(ARCHS_STANDARD_INCLUDING_64_BIT)";
				BUNDLE_LOADER = "$(BUILT_PRODUCTS_DIR)/DenovoEyeApp.app/DenovoEyeApp";
				FRAMEWORK_SEARCH_PATHS = (
					"$(SDKROOT)/Developer/Library/Frameworks",
					"$(inherited)",
					"$(DEVELOPER_FRAMEWORKS_DIR)",
				);
				GCC_PRECOMPILE_PREFIX_HEADER = YES;
				GCC_PREFIX_HEADER = "DenovoEyeApp/DenovoEyeApp-Prefix.pch";
				INFOPLIST_FILE = "DenovoEyeAppTests/DenovoEyeAppTests-Info.plist";
				PRODUCT_NAME = "$(TARGET_NAME)";
				TEST_HOST = "$(BUNDLE_LOADER)";
				WRAPPER_EXTENSION = xctest;
			};
			name = Release;
		};
/* End XCBuildConfiguration section */

/* Begin XCConfigurationList section */
		221463411990A8A00084FDCB /* Build configuration list for PBXProject "DenovoEyeApp" */ = {
			isa = XCConfigurationList;
			buildConfigurations = (
				221463761990A8A00084FDCB /* Debug */,
				221463771990A8A00084FDCB /* Release */,
			);
			defaultConfigurationIsVisible = 0;
			defaultConfigurationName = Release;
		};
		221463781990A8A00084FDCB /* Build configuration list for PBXNativeTarget "DenovoEyeApp" */ = {
			isa = XCConfigurationList;
			buildConfigurations = (
				221463791990A8A00084FDCB /* Debug */,
				2214637A1990A8A00084FDCB /* Release */,
			);
			defaultConfigurationIsVisible = 0;
		};
		2214637B1990A8A10084FDCB /* Build configuration list for PBXNativeTarget "DenovoEyeAppTests" */ = {
			isa = XCConfigurationList;
			buildConfigurations = (
				2214637C1990A8A10084FDCB /* Debug */,
				2214637D1990A8A10084FDCB /* Release */,
			);
			defaultConfigurationIsVisible = 0;
		};
/* End XCConfigurationList section */
	};
	rootObject = 2214633E1990A8A00084FDCB /* Project object */;
}
